
Microsoft Visual Studio Solution File, Format Version 12.00
# Visual Studio Version 16
VisualStudioVersion = 16.0.30413.136
MinimumVisualStudioVersion = 10.0.40219.1
Project("{FAE04EC0-301F-11D3-BF4B-00C04F79EFBC}") = "PickRandomCards", "PickRandomCards.csproj", "{EA9B64BB-F528-4686-ABF5-0B19703A4B96}"
EndProject
Global
	GlobalSection(SolutionConfigurationPlatforms) = preSolution
		Debug|Any CPU = Debug|Any CPU
		Release|Any CPU = Release|Any CPU
	EndGlobalSection
	GlobalSection(ProjectConfigurationPlatforms) = postSolution
		{EA9B64BB-F528-4686-ABF5-0B19703A4B96}.Debug|Any CPU.ActiveCfg = Debug|Any CPU
		{EA9B64BB-F528-4686-ABF5-0B19703A4B96}.Debug|Any CPU.Build.0 = Debug|Any CPU
		{EA9B64BB-F528-4686-ABF5-0B19703A4B96}.Release|Any CPU.ActiveCfg = Release|Any CPU
		{EA9B64BB-F528-4686-ABF5-0B19703A4B96}.Release|Any CPU.Build.0 = Release|Any CPU
	EndGlobalSection
	GlobalSection(SolutionProperties) = preSolution
		HideSolutionNode = FALSE
	EndGlobalSection
	GlobalSection(ExtensibilityGlobals) = postSolution
		SolutionGuid = {DCA46A79-B1EC-4DD7-93BC-3BEA72D70AE1}
	EndGlobalSection
EndGlobal
